
Microsoft Visual Studio Solution File, Format Version 12.00
# Visual Studio Version 16
VisualStudioVersion = 16.0.33214.272
MinimumVisualStudioVersion = 10.0.40219.1
Project("{FAE04EC0-301F-11D3-BF4B-00C04F79EFBC}") = "ClaseCSharp", "ClaseCSharp\ClaseCSharp.csproj", "{149AE2CA-755D-4A41-A997-F4AE37C3AC8D}"
EndProject
Global
	GlobalSection(SolutionConfigurationPlatforms) = preSolution
		Debug|Any CPU = Debug|Any CPU
		Release|Any CPU = Release|Any CPU
	EndGlobalSection
	GlobalSection(ProjectConfigurationPlatforms) = postSolution
		{149AE2CA-755D-4A41-A997-F4AE37C3AC8D}.Debug|Any CPU.ActiveCfg = Debug|Any CPU
		{149AE2CA-755D-4A41-A997-F4AE37C3AC8D}.Debug|Any CPU.Build.0 = Debug|Any CPU
		{149AE2CA-755D-4A41-A997-F4AE37C3AC8D}.Release|Any CPU.ActiveCfg = Release|Any CPU
		{149AE2CA-755D-4A41-A997-F4AE37C3AC8D}.Release|Any CPU.Build.0 = Release|Any CPU
	EndGlobalSection
	GlobalSection(SolutionProperties) = preSolution
		HideSolutionNode = FALSE
	EndGlobalSection
	GlobalSection(ExtensibilityGlobals) = postSolution
		SolutionGuid = {85DE431B-8F45-49DB-977A-AD3A25ACA6C5}
	EndGlobalSection
EndGlobal
